
Microsoft Visual Studio Solution File, Format Version 12.00
# Visual Studio Version 17
VisualStudioVersion = 17.1.32328.378
MinimumVisualStudioVersion = 10.0.40219.1
Project("{FAE04EC0-301F-11D3-BF4B-00C04F79EFBC}") = "UserApi", "UserApi\UserApi.csproj", "{BF1B972A-FC89-4FA3-9431-7EC49178E705}"
EndProject
Global
	GlobalSection(SolutionConfigurationPlatforms) = preSolution
		Debug|Any CPU = Debug|Any CPU
		Release|Any CPU = Release|Any CPU
	EndGlobalSection
	GlobalSection(ProjectConfigurationPlatforms) = postSolution
		{BF1B972A-FC89-4FA3-9431-7EC49178E705}.Debug|Any CPU.ActiveCfg = Debug|Any CPU
		{BF1B972A-FC89-4FA3-9431-7EC49178E705}.Debug|Any CPU.Build.0 = Debug|Any CPU
		{BF1B972A-FC89-4FA3-9431-7EC49178E705}.Release|Any CPU.ActiveCfg = Release|Any CPU
		{BF1B972A-FC89-4FA3-9431-7EC49178E705}.Release|Any CPU.Build.0 = Release|Any CPU
	EndGlobalSection
	GlobalSection(SolutionProperties) = preSolution
		HideSolutionNode = FALSE
	EndGlobalSection
	GlobalSection(ExtensibilityGlobals) = postSolution
		SolutionGuid = {167F2F2D-114B-459B-ADEE-C9711DF5D16E}
	EndGlobalSection
EndGlobal
